
Microsoft Visual Studio Solution File, Format Version 12.00
# Visual Studio 15
VisualStudioVersion = 15.0.27703.2026
MinimumVisualStudioVersion = 10.0.40219.1
Project("{FAE04EC0-301F-11D3-BF4B-00C04F79EFBC}") = "Delegates and Events Colors", "Delegates and Events\Delegates and Events Colors.csproj", "{C42D3679-3E8E-41D6-B32C-F1EA671E9CB6}"
EndProject
Project("{FAE04EC0-301F-11D3-BF4B-00C04F79EFBC}") = "Verkeerslichten", "Verkeerslichten\Verkeerslichten.csproj", "{561E67D0-3ACB-42FF-ABDA-5EBA5D0B1A92}"
EndProject
Global
	GlobalSection(SolutionConfigurationPlatforms) = preSolution
		Debug|Any CPU = Debug|Any CPU
		Release|Any CPU = Release|Any CPU
	EndGlobalSection
	GlobalSection(ProjectConfigurationPlatforms) = postSolution
		{C42D3679-3E8E-41D6-B32C-F1EA671E9CB6}.Debug|Any CPU.ActiveCfg = Debug|Any CPU
		{C42D3679-3E8E-41D6-B32C-F1EA671E9CB6}.Debug|Any CPU.Build.0 = Debug|Any CPU
		{C42D3679-3E8E-41D6-B32C-F1EA671E9CB6}.Release|Any CPU.ActiveCfg = Release|Any CPU
		{C42D3679-3E8E-41D6-B32C-F1EA671E9CB6}.Release|Any CPU.Build.0 = Release|Any CPU
		{561E67D0-3ACB-42FF-ABDA-5EBA5D0B1A92}.Debug|Any CPU.ActiveCfg = Debug|Any CPU
		{561E67D0-3ACB-42FF-ABDA-5EBA5D0B1A92}.Debug|Any CPU.Build.0 = Debug|Any CPU
		{561E67D0-3ACB-42FF-ABDA-5EBA5D0B1A92}.Release|Any CPU.ActiveCfg = Release|Any CPU
		{561E67D0-3ACB-42FF-ABDA-5EBA5D0B1A92}.Release|Any CPU.Build.0 = Release|Any CPU
	EndGlobalSection
	GlobalSection(SolutionProperties) = preSolution
		HideSolutionNode = FALSE
	EndGlobalSection
	GlobalSection(ExtensibilityGlobals) = postSolution
		SolutionGuid = {0D211C86-142A-4A70-848B-843992F88357}
	EndGlobalSection
EndGlobal
